# THIS IS AN AUTOGENERATED FILE. DO NOT EDIT THIS FILE DIRECTLY.
# yarn lockfile v1


"@react-native-oh-tpl/react-native-fast-image@file:./tgz/react-native-fast-image-8.6.3-0.4.13.tar.gz":
  version "8.6.3-0.4.13"
  resolved "file:./tgz/react-native-fast-image-8.6.3-0.4.13.tar.gz#3cae68676b0e2b120523bb2ff447831ae6fb71cd"
  dependencies:
    react-native-fast-image "8.6.3"

react-native-fast-image@8.6.3:
  version "8.6.3"
  resolved "https://registry.npmmirror.com/react-native-fast-image/-/react-native-fast-image-8.6.3.tgz#6edc3f9190092a909d636d93eecbcc54a8822255"
  integrity sha512-Sdw4ESidXCXOmQ9EcYguNY2swyoWmx53kym2zRsvi+VeFCHEdkO+WG1DK+6W81juot40bbfLNhkc63QnWtesNg==
